Microsoft Visual Studio Solution File, Format Version 11.00
# Visual Studio 2008

Project("{AA1E2D7D-BA53-2F7A-6FB0-26D86CAF0C98}") = "KnightGraveyardRunner", "Assembly-CSharp.csproj", "{4BE7431B-FD07-F552-31A4-7FB37B503E4F}"
EndProject
Global
	GlobalSection(SolutionConfigurationPlatforms) = preSolution
		Debug|Any CPU = Debug|Any CPU
		Release|Any CPU = Release|Any CPU
	EndGlobalSection
	GlobalSection(ProjectConfigurationPlatforms) = postSolution
		{4BE7431B-FD07-F552-31A4-7FB37B503E4F}.Debug|Any CPU.ActiveCfg = Debug|Any CPU
		{4BE7431B-FD07-F552-31A4-7FB37B503E4F}.Debug|Any CPU.Build.0 = Debug|Any CPU
		{4BE7431B-FD07-F552-31A4-7FB37B503E4F}.Release|Any CPU.ActiveCfg = Release|Any CPU
		{4BE7431B-FD07-F552-31A4-7FB37B503E4F}.Release|Any CPU.Build.0 = Release|Any CPU
	EndGlobalSection
	GlobalSection(SolutionProperties) = preSolution
		HideSolutionNode = FALSE
	EndGlobalSection
	GlobalSection(MonoDevelopProperties) = preSolution
		StartupItem = Assembly-CSharp.csproj
	EndGlobalSection
EndGlobal
